
Microsoft Visual Studio Solution File, Format Version 12.00
Project("{FAE04EC0-301F-11D3-BF4B-00C04F79EFBC}") = "Blog.ManagedIdentities.Function", "Blog.ManagedIdentities.Function.csproj", "{FC475CD1-D879-4D2E-894F-63377C01454A}"
EndProject
Global
	GlobalSection(SolutionConfigurationPlatforms) = preSolution
		Debug|Any CPU = Debug|Any CPU
		Release|Any CPU = Release|Any CPU
	EndGlobalSection
	GlobalSection(ProjectConfigurationPlatforms) = postSolution
		{FC475CD1-D879-4D2E-894F-63377C01454A}.Debug|Any CPU.ActiveCfg = Debug|Any CPU
		{FC475CD1-D879-4D2E-894F-63377C01454A}.Debug|Any CPU.Build.0 = Debug|Any CPU
		{FC475CD1-D879-4D2E-894F-63377C01454A}.Release|Any CPU.ActiveCfg = Release|Any CPU
		{FC475CD1-D879-4D2E-894F-63377C01454A}.Release|Any CPU.Build.0 = Release|Any CPU
	EndGlobalSection
EndGlobal
